<?xml version="1.0" encoding="utf-8"?>
<Project ToolsVersion="4.0" xmlns="http://schemas.microsoft.com/developer/msbuild/2003">
  <ItemGroup>
    <Filter Include="Resource Files">
      <UniqueIdentifier>{D9D6E242-F8AF-46E4-B9FD-80ECBC20BA3E}</UniqueIdentifier>
      <Extensions>qrc;*</Extensions>
      <ParseFiles>false</ParseFiles>
    </Filter>
    <Filter Include="Form Files">
      <UniqueIdentifier>{99349809-55BA-4b9d-BF79-8FDBB0286EB3}</UniqueIdentifier>
      <Extensions>ui</Extensions>
    </Filter>
    <Filter Include="Resource Files">
      <UniqueIdentifier>{D9D6E242-F8AF-46E4-B9FD-80ECBC20BA3E}</UniqueIdentifier>
      <Extensions>qrc;*</Extensions>
      <ParseFiles>false</ParseFiles>
    </Filter>
    <Filter Include="Generated Files">
      <UniqueIdentifier>{71ED8ED8-ACB9-4CE9-BBE1-E00B30144E11}</UniqueIdentifier>
      <Extensions>moc;h;cpp</Extensions>
      <SourceControlFiles>False</SourceControlFiles>
    </Filter>
    <Filter Include="Main">
      <UniqueIdentifier>{379d9403-1942-4f50-9810-906c207d7b71}</UniqueIdentifier>
    </Filter>
    <Filter Include="Main\Impl">
      <UniqueIdentifier>{98637d61-f385-45d1-a48a-2e885a7ecdae}</UniqueIdentifier>
    </Filter>
  </ItemGroup>
  <ItemGroup>
    <QtUic Include="SpanTree.ui">
      <Filter>Form Files</Filter>
    </QtUic>
  </ItemGroup>
  <ItemGroup>
    <QtRcc Include="SpanTree.qrc">
      <Filter>Resource Files</Filter>
    </QtRcc>
  </ItemGroup>
  <ItemGroup>
    <ClCompile Include="src\CanvasWidget.cpp">
      <Filter>Main\Impl</Filter>
    </ClCompile>
    <ClCompile Include="src\GridGraph.cpp">
      <Filter>Main\Impl</Filter>
    </ClCompile>
    <ClCompile Include="src\main.cpp">
      <Filter>Main\Impl</Filter>
    </ClCompile>
    <ClCompile Include="src\SpanTree.cpp">
      <Filter>Main\Impl</Filter>
    </ClCompile>
    <ClCompile Include="src\GridDrawer.cpp">
      <Filter>Main\Impl</Filter>
    </ClCompile>
    <ClCompile Include="src\STGenerator.cpp">
      <Filter>Main\Impl</Filter>
    </ClCompile>
  </ItemGroup>
  <ItemGroup>
    <QtMoc Include="src\CanvasWidget.h">
      <Filter>Main</Filter>
    </QtMoc>
    <QtMoc Include="src\SpanTree.h">
      <Filter>Main</Filter>
    </QtMoc>
    <QtMoc Include="src\STGenerator.h">
      <Filter>Main</Filter>
    </QtMoc>
    <QtMoc Include="src\GridDrawer.h">
      <Filter>Main</Filter>
    </QtMoc>
  </ItemGroup>
  <ItemGroup>
    <ClInclude Include="src\GridGraph.h">
      <Filter>Main</Filter>
    </ClInclude>
    <ClInclude Include="src\Matrix.h">
      <Filter>Main</Filter>
    </ClInclude>
  </ItemGroup>
  <ItemGroup>
    <ResourceCompile Include="SpanTree.rc" />
  </ItemGroup>
  <ItemGroup>
    <Image Include="Resources\SpanTree.ico">
      <Filter>Resource Files</Filter>
    </Image>
  </ItemGroup>
</Project>