<?xml version="1.0" encoding="utf-8"?>
<Project ToolsVersion="4.0" xmlns="http://schemas.microsoft.com/developer/msbuild/2003">
  <ItemGroup>
    <Filter Include="Resource Files">
      <UniqueIdentifier>{D9D6E242-F8AF-46E4-B9FD-80ECBC20BA3E}</UniqueIdentifier>
      <Extensions>qrc;*</Extensions>
      <ParseFiles>false</ParseFiles>
    </Filter>
    <Filter Include="Form Files">
      <UniqueIdentifier>{99349809-55BA-4b9d-BF79-8FDBB0286EB3}</UniqueIdentifier>
      <Extensions>ui</Extensions>
    </Filter>
    <Filter Include="Resource Files">
      <UniqueIdentifier>{D9D6E242-F8AF-46E4-B9FD-80ECBC20BA3E}</UniqueIdentifier>
      <Extensions>qrc;*</Extensions>
      <ParseFiles>false</ParseFiles>
    </Filter>
    <Filter Include="Generated Files">
      <UniqueIdentifier>{71ED8ED8-ACB9-4CE9-BBE1-E00B30144E11}</UniqueIdentifier>
      <Extensions>moc;h;cpp</Extensions>
      <SourceControlFiles>False</SourceControlFiles>
    </Filter>
    <Filter Include="Core">
      <UniqueIdentifier>{b82deb5d-58a6-4528-a86e-232293e394fb}</UniqueIdentifier>
    </Filter>
    <Filter Include="Gui">
      <UniqueIdentifier>{e930239e-dbc1-4780-b96f-3a40d399de40}</UniqueIdentifier>
    </Filter>
    <Filter Include="Application">
      <UniqueIdentifier>{251e8c1d-5b5a-4892-b587-ed63f551553e}</UniqueIdentifier>
    </Filter>
    <Filter Include="Core\Impl">
      <UniqueIdentifier>{9b524d0e-9153-41c1-94f7-de6f2b25492a}</UniqueIdentifier>
    </Filter>
    <Filter Include="Gui\Impl">
      <UniqueIdentifier>{51519b5a-27b9-4ac5-ba1a-a8e5381bdb0b}</UniqueIdentifier>
    </Filter>
    <Filter Include="Include">
      <UniqueIdentifier>{7614bb26-c981-45df-9830-682ab7082fbf}</UniqueIdentifier>
    </Filter>
  </ItemGroup>
  <ItemGroup>
    <QtUic Include="SpanTree.ui">
      <Filter>Form Files</Filter>
    </QtUic>
  </ItemGroup>
  <ItemGroup>
    <QtRcc Include="SpanTree.qrc">
      <Filter>Resource Files</Filter>
    </QtRcc>
  </ItemGroup>
  <ItemGroup>
    <Image Include="Resources\SpanTree.ico">
      <Filter>Resource Files</Filter>
    </Image>
  </ItemGroup>
  <ItemGroup>
    <ClCompile Include="src\app\main.cpp">
      <Filter>Application</Filter>
    </ClCompile>
    <ClCompile Include="src\gui\canvaswidget.cpp">
      <Filter>Gui\Impl</Filter>
    </ClCompile>
    <ClCompile Include="src\gui\griddrawer.cpp">
      <Filter>Gui\Impl</Filter>
    </ClCompile>
    <ClCompile Include="src\core\gridgraph.cpp">
      <Filter>Core\Impl</Filter>
    </ClCompile>
    <ClCompile Include="src\core\stgenerator.cpp">
      <Filter>Core\Impl</Filter>
    </ClCompile>
    <ClCompile Include="src\gui\spantree.cpp">
      <Filter>Gui\Impl</Filter>
    </ClCompile>
  </ItemGroup>
  <ItemGroup>
    <QtMoc Include="src\gui\canvaswidget.h">
      <Filter>Gui</Filter>
    </QtMoc>
    <QtMoc Include="src\gui\griddrawer.h">
      <Filter>Gui</Filter>
    </QtMoc>
    <QtMoc Include="src\core\stgenerator.h">
      <Filter>Core</Filter>
    </QtMoc>
    <QtMoc Include="src\gui\spantree.h">
      <Filter>Gui</Filter>
    </QtMoc>
  </ItemGroup>
  <ItemGroup>
    <ClInclude Include="src\core\gridgraph.h">
      <Filter>Core</Filter>
    </ClInclude>
    <ClInclude Include="src\core\matrix.h">
      <Filter>Core</Filter>
    </ClInclude>
    <ClInclude Include="src\include\core_gridgraph.h">
      <Filter>Include</Filter>
    </ClInclude>
    <ClInclude Include="src\include\core_stgenerator.h">
      <Filter>Include</Filter>
    </ClInclude>
    <ClInclude Include="src\include\gui_canvaswidget.h">
      <Filter>Include</Filter>
    </ClInclude>
    <ClInclude Include="src\include\gui_griddrawer.h">
      <Filter>Include</Filter>
    </ClInclude>
  </ItemGroup>
  <ItemGroup>
    <ResourceCompile Include="SpanTree.rc">
      <Filter>Resource Files</Filter>
    </ResourceCompile>
  </ItemGroup>
  <ItemGroup>
    <None Include=".clang-format" />
  </ItemGroup>
</Project>